Microsoft Visual Studio Solution File, Format Version 12.00
# Visual Studio Version 17
VisualStudioVersion = 17.5.2.0
MinimumVisualStudioVersion = 10.0.40219.1
Project("{FAE04EC0-301F-11D3-BF4B-00C04F79EFBC}") = "MarinMol", "MarinMol.csproj", "{0FAA8B2C-5A31-47F7-30AC-609BB84B0EE6}"
EndProject
Global
	GlobalSection(SolutionConfigurationPlatforms) = preSolution
		Debug|Any CPU = Debug|Any CPU
		Release|Any CPU = Release|Any CPU
	EndGlobalSection
	GlobalSection(ProjectConfigurationPlatforms) = postSolution
		{0FAA8B2C-5A31-47F7-30AC-609BB84B0EE6}.Debug|Any CPU.ActiveCfg = Debug|Any CPU
		{0FAA8B2C-5A31-47F7-30AC-609BB84B0EE6}.Debug|Any CPU.Build.0 = Debug|Any CPU
		{0FAA8B2C-5A31-47F7-30AC-609BB84B0EE6}.Release|Any CPU.ActiveCfg = Release|Any CPU
		{0FAA8B2C-5A31-47F7-30AC-609BB84B0EE6}.Release|Any CPU.Build.0 = Release|Any CPU
	EndGlobalSection
	GlobalSection(SolutionProperties) = preSolution
		HideSolutionNode = FALSE
	EndGlobalSection
	GlobalSection(ExtensibilityGlobals) = postSolution
		SolutionGuid = {65CADA0F-DBB5-4424-9314-42AED6373553}
	EndGlobalSection
EndGlobal
